// !$*UTF8*$!
{
	archiveVersion = 1;
	classes = {
	};
	objectVersion = 46;
	objects = {

/* Begin PBXBuildFile section */
		74CEBCE71C16DAE300E8248D /* AppDelegate.swift in Sources */ = {isa = PBXBuildFile; fileRef = 74CEBCE61C16DAE300E8248D /* AppDelegate.swift */; };
		74CEBCE91C16DAE300E8248D /* ViewController.swift in Sources */ = {isa = PBXBuildFile; fileRef = 74CEBCE81C16DAE300E8248D /* ViewController.swift */; };
		74CEBCEC1C16DAE300E8248D /* Main.storyboard in Resources */ = {isa = PBXBuildFile; fileRef = 74CEBCEA1C16DAE300E8248D /* Main.storyboard */; };
		74CEBCEE1C16DAE300E8248D /* Assets.xcassets in Resources */ = {isa = PBXBuildFile; fileRef = 74CEBCED1C16DAE300E8248D /* Assets.xcassets */; };
		74CEBCF11C16DAE300E8248D /* LaunchScreen.storyboard in Resources */ = {isa = PBXBuildFile; fileRef = 74CEBCEF1C16DAE300E8248D /* LaunchScreen.storyboard */; };
/* End PBXBuildFile section */

/* Begin PBXFileReference section */
		74CEBCE31C16DAE300E8248D /* Checklists.app */ = {isa = PBXFileReference; explicitFileType = wrapper.application; includeInIndex = 0; path = Checklists.app; sourceTree = BUILT_PRODUCTS_DIR; };
		74CEBCE61C16DAE300E8248D /* AppDelegate.swift */ = {isa = PBXFileReference; lastKnownFileType = sourcecode.swift; path = AppDelegate.swift; sourceTree = "<group>"; };
		74CEBCE81C16DAE300E8248D /* ViewController.swift */ = {isa = PBXFileReference; lastKnownFileType = sourcecode.swift; path = ViewController.swift; sourceTree = "<group>"; };
		74CEBCEB1C16DAE300E8248D /* Base */ = {isa = PBXFileReference; lastKnownFileType = file.storyboard; name = Base; path = Base.lproj/Main.storyboard; sourceTree = "<group>"; };
		74CEBCED1C16DAE300E8248D /* Assets.xcassets */ = {isa = PBXFileReference; lastKnownFileType = folder.assetcatalog; path = Assets.xcassets; sourceTree = "<group>"; };
		74CEBCF01C16DAE300E8248D /* Base */ = {isa = PBXFileReference; lastKnownFileType = file.storyboard; name = Base; path = Base.lproj/LaunchScreen.storyboard; sourceTree = "<group>"; };
		74CEBCF21C16DAE300E8248D /* Info.plist */ = {isa = PBXFileReference; lastKnownFileType = text.plist.xml; path = Info.plist; sourceTree = "<group>"; };
/* End PBXFileReference section */

/* Begin PBXFrameworksBuildPhase section */
		74CEBCE01C16DAE300E8248D /* Frameworks */ = {
			isa = PBXFrameworksBuildPhase;
			buildActionMask = 2147483647;
			files = (
			);
			runOnlyForDeploymentPostprocessing = 0;
		};
/* End PBXFrameworksBuildPhase section */

/* Begin PBXGroup section */
		74CEBCDA1C16DAE300E8248D = {
			isa = PBXGroup;
			children = (
				74CEBCE51C16DAE300E8248D /* Checklists */,
				74CEBCE41C16DAE300E8248D /* Products */,
			);
			sourceTree = "<group>";
		};
		74CEBCE41C16DAE300E8248D /* Products */ = {
			isa = PBXGroup;
			children = (
				74CEBCE31C16DAE300E8248D /* Checklists.app */,
			);
			name = Products;
			sourceTree = "<group>";
		};
		74CEBCE51C16DAE300E8248D /* Checklists */ = {
			isa = PBXGroup;
			children = (
				74CEBCE61C16DAE300E8248D /* AppDelegate.swift */,
				74CEBCE81C16DAE300E8248D /* ViewController.swift */,
				74CEBCEA1C16DAE300E8248D /* Main.storyboard */,
				74CEBCED1C16DAE300E8248D /* Assets.xcassets */,
				74CEBCEF1C16DAE300E8248D /* LaunchScreen.storyboard */,
				74CEBCF21C16DAE300E8248D /* Info.plist */,
			);
			path = Checklists;
			sourceTree = "<group>";
		};
/* End PBXGroup section */

/* Begin PBXNativeTarget section */
		74CEBCE21C16DAE300E8248D /* Checklists */ = {
			isa = PBXNativeTarget;
			buildConfigurationList = 74CEBCF51C16DAE300E8248D /* Build configuration list for PBXNativeTarget "Checklists" */;
			buildPhases = (
				74CEBCDF1C16DAE300E8248D /* Sources */,
				74CEBCE01C16DAE300E8248D /* Frameworks */,
				74CEBCE11C16DAE300E8248D /* Resources */,
			);
			buildRules = (
			);
			dependencies = (
			);
			name = Checklists;
			productName = Checklists;
			productReference = 74CEBCE31C16DAE300E8248D /* Checklists.app */;
			productType = "com.apple.product-type.application";
		};
/* End PBXNativeTarget section */

/* Begin PBXProject section */
		74CEBCDB1C16DAE300E8248D /* Project object */ = {
			isa = PBXProject;
			attributes = {
				LastSwiftUpdateCheck = 0710;
				LastUpgradeCheck = 0710;
				ORGANIZATIONNAME = armno;
				TargetAttributes = {
					74CEBCE21C16DAE300E8248D = {
						CreatedOnToolsVersion = 7.1.1;
						DevelopmentTeam = QH2X5WAMB2;
					};
				};
			};
			buildConfigurationList = 74CEBCDE1C16DAE300E8248D /* Build configuration list for PBXProject "Checklists" */;
			compatibilityVersion = "Xcode 3.2";
			developmentRegion = English;
			hasScannedForEncodings = 0;
			knownRegions = (
				en,
				Base,
			);
			mainGroup = 74CEBCDA1C16DAE300E8248D;
			productRefGroup = 74CEBCE41C16DAE300E8248D /* Products */;
			projectDirPath = "";
			projectRoot = "";
			targets = (
				74CEBCE21C16DAE300E8248D /* Checklists */,
			);
		};
/* End PBXProject section */

/* Begin PBXResourcesBuildPhase section */
		74CEBCE11C16DAE300E8248D /* Resources */ = {
			isa = PBXResourcesBuildPhase;
			buildActionMask = 2147483647;
			files = (
				74CEBCF11C16DAE300E8248D /* LaunchScreen.storyboard in Resources */,
				74CEBCEE1C16DAE300E8248D /* Assets.xcassets in Resources */,
				74CEBCEC1C16DAE300E8248D /* Main.storyboard in Resources */,
			);
			runOnlyForDeploymentPostprocessing = 0;
		};
/* End PBXResourcesBuildPhase section */

/* Begin PBXSourcesBuildPhase section */
		74CEBCDF1C16DAE300E8248D /* Sources */ = {
			isa = PBXSourcesBuildPhase;
			buildActionMask = 2147483647;
			files = (
				74CEBCE91C16DAE300E8248D /* ViewController.swift in Sources */,
				74CEBCE71C16DAE300E8248D /* AppDelegate.swift in Sources */,
			);
			runOnlyForDeploymentPostprocessing = 0;
		};
/* End PBXSourcesBuildPhase section */

/* Begin PBXVariantGroup section */
		74CEBCEA1C16DAE300E8248D /* Main.storyboard */ = {
			isa = PBXVariantGroup;
			children = (
				74CEBCEB1C16DAE300E8248D /* Base */,
			);
			name = Main.storyboard;
			sourceTree = "<group>";
		};
		74CEBCEF1C16DAE300E8248D /* LaunchScreen.storyboard */ = {
			isa = PBXVariantGroup;
			children = (
				74CEBCF01C16DAE300E8248D /* Base */,
			);
			name = LaunchScreen.storyboard;
			sourceTree = "<group>";
		};
/* End PBXVariantGroup section */

/* Begin XCBuildConfiguration section */
		74CEBCF31C16DAE300E8248D /* Debug */ = {
			isa = XCBuildConfiguration;
			buildSettings = {
				ALWAYS_SEARCH_USER_PATHS = NO;
				CLANG_CXX_LANGUAGE_STANDARD = "gnu++0x";
				CLANG_CXX_LIBRARY = "libc++";
				CLANG_ENABLE_MODULES = YES;
				CLANG_ENABLE_OBJC_ARC = YES;
				CLANG_WARN_BOOL_CONVERSION = YES;
				CLANG_WARN_CONSTANT_CONVERSION = YES;
				CLANG_WARN_DIRECT_OBJC_ISA_USAGE = YES_ERROR;
				CLANG_WARN_EMPTY_BODY = YES;
				CLANG_WARN_ENUM_CONVERSION = YES;
				CLANG_WARN_INT_CONVERSION = YES;
				CLANG_WARN_OBJC_ROOT_CLASS = YES_ERROR;
				CLANG_WARN_UNREACHABLE_CODE = YES;
				CLANG_WARN__DUPLICATE_METHOD_MATCH = YES;
				"CODE_SIGN_IDENTITY[sdk=iphoneos*]" = "iPhone Developer";
				COPY_PHASE_STRIP = NO;
				DEBUG_INFORMATION_FORMAT = dwarf;
				ENABLE_STRICT_OBJC_MSGSEND = YES;
				ENABLE_TESTABILITY = YES;
				GCC_C_LANGUAGE_STANDARD = gnu99;
				GCC_DYNAMIC_NO_PIC = NO;
				GCC_NO_COMMON_BLOCKS = YES;
				GCC_OPTIMIZATION_LEVEL = 0;
				GCC_PREPROCESSOR_DEFINITIONS = (
					"DEBUG=1",
					"$(inherited)",
				);
				GCC_WARN_64_TO_32_BIT_CONVERSION = YES;
				GCC_WARN_ABOUT_RETURN_TYPE = YES_ERROR;
				GCC_WARN_UNDECLARED_SELECTOR = YES;
				GCC_WARN_UNINITIALIZED_AUTOS = YES_AGGRESSIVE;
				GCC_WARN_UNUSED_FUNCTION = YES;
				GCC_WARN_UNUSED_VARIABLE = YES;
				IPHONEOS_DEPLOYMENT_TARGET = 9.1;
				MTL_ENABLE_DEBUG_INFO = YES;
				ONLY_ACTIVE_ARCH = YES;
				SDKROOT = iphoneos;
				SWIFT_OPTIMIZATION_LEVEL = "-Onone";
			};
			name = Debug;
		};
		74CEBCF41C16DAE300E8248D /* Release */ = {
			isa = XCBuildConfiguration;
			buildSettings = {
				ALWAYS_SEARCH_USER_PATHS = NO;
				CLANG_CXX_LANGUAGE_STANDARD = "gnu++0x";
				CLANG_CXX_LIBRARY = "libc++";
				CLANG_ENABLE_MODULES = YES;
				CLANG_ENABLE_OBJC_ARC = YES;
				CLANG_WARN_BOOL_CONVERSION = YES;
				CLANG_WARN_CONSTANT_CONVERSION = YES;
				CLANG_WARN_DIRECT_OBJC_ISA_USAGE = YES_ERROR;
				CLANG_WARN_EMPTY_BODY = YES;
				CLANG_WARN_ENUM_CONVERSION = YES;
				CLANG_WARN_INT_CONVERSION = YES;
				CLANG_WARN_OBJC_ROOT_CLASS = YES_ERROR;
				CLANG_WARN_UNREACHABLE_CODE = YES;
				CLANG_WARN__DUPLICATE_METHOD_MATCH = YES;
				"CODE_SIGN_IDENTITY[sdk=iphoneos*]" = "iPhone Developer";
				COPY_PHASE_STRIP = NO;
				DEBUG_INFORMATION_FORMAT = "dwarf-with-dsym";
				ENABLE_NS_ASSERTIONS = NO;
				ENABLE_STRICT_OBJC_MSGSEND = YES;
				GCC_C_LANGUAGE_STANDARD = gnu99;
				GCC_NO_COMMON_BLOCKS = YES;
				GCC_WARN_64_TO_32_BIT_CONVERSION = YES;
				GCC_WARN_ABOUT_RETURN_TYPE = YES_ERROR;
				GCC_WARN_UNDECLARED_SELECTOR = YES;
				GCC_WARN_UNINITIALIZED_AUTOS = YES_AGGRESSIVE;
				GCC_WARN_UNUSED_FUNCTION = YES;
				GCC_WARN_UNUSED_VARIABLE = YES;
				IPHONEOS_DEPLOYMENT_TARGET = 9.1;
				MTL_ENABLE_DEBUG_INFO = NO;
				SDKROOT = iphoneos;
				VALIDATE_PRODUCT = YES;
			};
			name = Release;
		};
		74CEBCF61C16DAE300E8248D /* Debug */ = {
			isa = XCBuildConfiguration;
			buildSettings = {
				ASSETCATALOG_COMPILER_APPICON_NAME = AppIcon;
				INFOPLIST_FILE = Checklists/Info.plist;
				LD_RUNPATH_SEARCH_PATHS = "$(inherited) @executable_path/Frameworks";
				PRODUCT_BUNDLE_IDENTIFIER = edu.self.Checklists;
				PRODUCT_NAME = "$(TARGET_NAME)";
			};
			name = Debug;
		};
		74CEBCF71C16DAE300E8248D /* Release */ = {
			isa = XCBuildConfiguration;
			buildSettings = {
				ASSETCATALOG_COMPILER_APPICON_NAME = AppIcon;
				INFOPLIST_FILE = Checklists/Info.plist;
				LD_RUNPATH_SEARCH_PATHS = "$(inherited) @executable_path/Frameworks";
				PRODUCT_BUNDLE_IDENTIFIER = edu.self.Checklists;
				PRODUCT_NAME = "$(TARGET_NAME)";
			};
			name = Release;
		};
/* End XCBuildConfiguration section */

/* Begin XCConfigurationList section */
		74CEBCDE1C16DAE300E8248D /* Build configuration list for PBXProject "Checklists" */ = {
			isa = XCConfigurationList;
			buildConfigurations = (
				74CEBCF31C16DAE300E8248D /* Debug */,
				74CEBCF41C16DAE300E8248D /* Release */,
			);
			defaultConfigurationIsVisible = 0;
			defaultConfigurationName = Release;
		};
		74CEBCF51C16DAE300E8248D /* Build configuration list for PBXNativeTarget "Checklists" */ = {
			isa = XCConfigurationList;
			buildConfigurations = (
				74CEBCF61C16DAE300E8248D /* Debug */,
				74CEBCF71C16DAE300E8248D /* Release */,
			);
			defaultConfigurationIsVisible = 0;
		};
/* End XCConfigurationList section */
	};
	rootObject = 74CEBCDB1C16DAE300E8248D /* Project object */;
}
